
Microsoft Visual Studio Solution File, Format Version 12.00
# Visual Studio Version 17
VisualStudioVersion = 17.3.32804.467
MinimumVisualStudioVersion = 10.0.40219.1
Project("{FAE04EC0-301F-11D3-BF4B-00C04F79EFBC}") = "PClasses_Heranca", "PClasses_Heranca\PClasses_Heranca.csproj", "{47090FD4-ECDB-498F-8B6D-D4A03776C526}"
EndProject
Global
	GlobalSection(SolutionConfigurationPlatforms) = preSolution
		Debug|Any CPU = Debug|Any CPU
		Release|Any CPU = Release|Any CPU
	EndGlobalSection
	GlobalSection(ProjectConfigurationPlatforms) = postSolution
		{47090FD4-ECDB-498F-8B6D-D4A03776C526}.Debug|Any CPU.ActiveCfg = Debug|Any CPU
		{47090FD4-ECDB-498F-8B6D-D4A03776C526}.Debug|Any CPU.Build.0 = Debug|Any CPU
		{47090FD4-ECDB-498F-8B6D-D4A03776C526}.Release|Any CPU.ActiveCfg = Release|Any CPU
		{47090FD4-ECDB-498F-8B6D-D4A03776C526}.Release|Any CPU.Build.0 = Release|Any CPU
	EndGlobalSection
	GlobalSection(SolutionProperties) = preSolution
		HideSolutionNode = FALSE
	EndGlobalSection
	GlobalSection(ExtensibilityGlobals) = postSolution
		SolutionGuid = {16469EA9-32A4-4BE4-970A-FE6E42BF2E3A}
	EndGlobalSection
EndGlobal
